
Microsoft Visual Studio Solution File, Format Version 12.00
# Visual Studio Version 16
VisualStudioVersion = 16.0.29319.158
MinimumVisualStudioVersion = 10.0.40219.1
Project("{9A19103F-16F7-4668-BE54-9A1E7A4F7556}") = "Lab2", "Lab2\Lab2.csproj", "{D3A9964E-36CB-4A3B-90E0-E4660AA2BA34}"
EndProject
Project("{9A19103F-16F7-4668-BE54-9A1E7A4F7556}") = "CompanyTests", "CompanyTests\CompanyTests.csproj", "{89F82971-8C4B-4C81-9A1A-40CD6AD7AC4D}"
	ProjectSection(ProjectDependencies) = postProject
		{D3A9964E-36CB-4A3B-90E0-E4660AA2BA34} = {D3A9964E-36CB-4A3B-90E0-E4660AA2BA34}
	EndProjectSection
EndProject
Global
	GlobalSection(SolutionConfigurationPlatforms) = preSolution
		Debug|Any CPU = Debug|Any CPU
		Release|Any CPU = Release|Any CPU
	EndGlobalSection
	GlobalSection(ProjectConfigurationPlatforms) = postSolution
		{D3A9964E-36CB-4A3B-90E0-E4660AA2BA34}.Debug|Any CPU.ActiveCfg = Debug|Any CPU
		{D3A9964E-36CB-4A3B-90E0-E4660AA2BA34}.Debug|Any CPU.Build.0 = Debug|Any CPU
		{D3A9964E-36CB-4A3B-90E0-E4660AA2BA34}.Release|Any CPU.ActiveCfg = Release|Any CPU
		{D3A9964E-36CB-4A3B-90E0-E4660AA2BA34}.Release|Any CPU.Build.0 = Release|Any CPU
		{89F82971-8C4B-4C81-9A1A-40CD6AD7AC4D}.Debug|Any CPU.ActiveCfg = Debug|Any CPU
		{89F82971-8C4B-4C81-9A1A-40CD6AD7AC4D}.Debug|Any CPU.Build.0 = Debug|Any CPU
		{89F82971-8C4B-4C81-9A1A-40CD6AD7AC4D}.Release|Any CPU.ActiveCfg = Release|Any CPU
		{89F82971-8C4B-4C81-9A1A-40CD6AD7AC4D}.Release|Any CPU.Build.0 = Release|Any CPU
	EndGlobalSection
	GlobalSection(SolutionProperties) = preSolution
		HideSolutionNode = FALSE
	EndGlobalSection
	GlobalSection(ExtensibilityGlobals) = postSolution
		SolutionGuid = {CAC12CFE-6C06-4EC1-8F93-B162E218A028}
	EndGlobalSection
EndGlobal
